// !$*UTF8*$!
{
	archiveVersion = 1;
	classes = {
	};
	objectVersion = 70;
	objects = {

/* Begin PBXBuildFile section */
		2221449E2B0F7B2A006F3B9A /* CryptoPriceTrackerApp.swift in Sources */ = {isa = PBXBuildFile; fileRef = 2221449D2B0F7B2A006F3B9A /* CryptoPriceTrackerApp.swift */; };
		222144A02B0F7B2A006F3B9A /* ContentView.swift in Sources */ = {isa = PBXBuildFile; fileRef = 2221449F2B0F7B2A006F3B9A /* ContentView.swift */; };
		222144A32B0F7B2F006F3B9A /* Assets.xcassets in Resources */ = {isa = PBXBuildFile; fileRef = 222144A22B0F7B2F006F3B9A /* Assets.xcassets */; };
		222144B62B0F7B2A006F3B9A /* Strings.swift in Sources */ = {isa = PBXBuildFile; fileRef = 222144AF2B0F7B2A006F3B9A /* Strings.swift */; };
		222144B72B0F7B2A006F3B9A /* Fonts.swift in Sources */ = {isa = PBXBuildFile; fileRef = 222144B02B0F7B2A006F3B9A /* Fonts.swift */; };
		222144B82B0F7B2A006F3B9A /* Colors.swift in Sources */ = {isa = PBXBuildFile; fileRef = 222144B12B0F7B2A006F3B9A /* Colors.swift */; };
		222144B92B0F7B2A006F3B9A /* Coin.swift in Sources */ = {isa = PBXBuildFile; fileRef = 222144B22B0F7B2A006F3B9A /* Coin.swift */; };
		222144BA2B0F7B2A006F3B9A /* CoinGeckoAPI.swift in Sources */ = {isa = PBXBuildFile; fileRef = 222144B32B0F7B2A006F3B9A /* CoinGeckoAPI.swift */; };
		222144BB2B0F7B2A006F3B9A /* NetworkManager.swift in Sources */ = {isa = PBXBuildFile; fileRef = 222144B42B0F7B2A006F3B9A /* NetworkManager.swift */; };
		222144BC2B0F7B2A006F3B9A /* Localizable.strings in Resources */ = {isa = PBXBuildFile; fileRef = 222144B52B0F7B2A006F3B9A /* Localizable.strings */; };
		222144CD2B0F7B2A006F3B9A /* HomeViewModel.swift in Sources */ = {isa = PBXBuildFile; fileRef = 222144CE2B0F7B2A006F3B9A /* HomeViewModel.swift */; };
		30B664FA2EC4252F00767988 /* CachedAsyncImage.swift in Sources */ = {isa = PBXBuildFile; fileRef = 30B664F82EC4252F00767988 /* CachedAsyncImage.swift */; };
		30CB610F2EC40BC900BE06A8 /* MockCoin.swift in Sources */ = {isa = PBXBuildFile; fileRef = 30CB610D2EC40BC900BE06A8 /* MockCoin.swift */; };
		30D60C0C2EC3FBEC00C59154 /* CoinRowView.swift in Sources */ = {isa = PBXBuildFile; fileRef = 30D60C0B2EC3FBEC00C59154 /* CoinRowView.swift */; };
		30E309F82EC41A2700CF1A19 /* Router.swift in Sources */ = {isa = PBXBuildFile; fileRef = 30E309F62EC41A2700CF1A19 /* Router.swift */; };
		30E309F92EC41A2700CF1A19 /* Route.swift in Sources */ = {isa = PBXBuildFile; fileRef = 30E309F52EC41A2700CF1A19 /* Route.swift */; };
		30E309FB2EC41A4500CF1A19 /* CoinDetailView.swift in Sources */ = {isa = PBXBuildFile; fileRef = 30E309FA2EC41A4500CF1A19 /* CoinDetailView.swift */; };
		30E309FD2EC41C6B00CF1A19 /* Formatters.swift in Sources */ = {isa = PBXBuildFile; fileRef = 30E309FC2EC41C6B00CF1A19 /* Formatters.swift */; };
/* End PBXBuildFile section */

/* Begin PBXContainerItemProxy section */
		30D60C1A2EC401EA00C59154 /* PBXContainerItemProxy */ = {
			isa = PBXContainerItemProxy;
			containerPortal = 222144A72B0F7B2A006F3B9A /* Project object */;
			proxyType = 1;
			remoteGlobalIDString = 222144992B0F7B2A006F3B9A;
			remoteInfo = CryptoPriceTracker;
		};
/* End PBXContainerItemProxy section */

/* Begin PBXFileReference section */
		2221449B2B0F7B2A006F3B9A /* CryptoPriceTracker.app */ = {isa = PBXFileReference; explicitFileType = wrapper.application; includeInIndex = 0; path = CryptoPriceTracker.app; sourceTree = BUILT_PRODUCTS_DIR; };
		2221449D2B0F7B2A006F3B9A /* CryptoPriceTrackerApp.swift */ = {isa = PBXFileReference; lastKnownFileType = sourcecode.swift; path = CryptoPriceTrackerApp.swift; sourceTree = "<group>"; };
		2221449F2B0F7B2A006F3B9A /* ContentView.swift */ = {isa = PBXFileReference; lastKnownFileType = sourcecode.swift; path = ContentView.swift; sourceTree = "<group>"; };
		222144A22B0F7B2F006F3B9A /* Assets.xcassets */ = {isa = PBXFileReference; lastKnownFileType = folder.assetcatalog; path = Assets.xcassets; sourceTree = "<group>"; };
		222144AF2B0F7B2A006F3B9A /* Strings.swift */ = {isa = PBXFileReference; lastKnownFileType = sourcecode.swift; path = Strings.swift; sourceTree = "<group>"; };
		222144B02B0F7B2A006F3B9A /* Fonts.swift */ = {isa = PBXFileReference; lastKnownFileType = sourcecode.swift; path = Fonts.swift; sourceTree = "<group>"; };
		222144B12B0F7B2A006F3B9A /* Colors.swift */ = {isa = PBXFileReference; lastKnownFileType = sourcecode.swift; path = Colors.swift; sourceTree = "<group>"; };
		222144B22B0F7B2A006F3B9A /* Coin.swift */ = {isa = PBXFileReference; lastKnownFileType = sourcecode.swift; path = Coin.swift; sourceTree = "<group>"; };
		222144B32B0F7B2A006F3B9A /* CoinGeckoAPI.swift */ = {isa = PBXFileReference; lastKnownFileType = sourcecode.swift; path = CoinGeckoAPI.swift; sourceTree = "<group>"; };
		222144B42B0F7B2A006F3B9A /* NetworkManager.swift */ = {isa = PBXFileReference; lastKnownFileType = sourcecode.swift; path = NetworkManager.swift; sourceTree = "<group>"; };
		222144B52B0F7B2A006F3B9A /* Localizable.strings */ = {isa = PBXFileReference; lastKnownFileType = text.plist.strings; name = Localizable.strings; path = en.lproj/Localizable.strings; sourceTree = "<group>"; };
		222144CE2B0F7B2A006F3B9A /* HomeViewModel.swift */ = {isa = PBXFileReference; lastKnownFileType = sourcecode.swift; path = HomeViewModel.swift; sourceTree = "<group>"; };
		30B664F82EC4252F00767988 /* CachedAsyncImage.swift */ = {isa = PBXFileReference; lastKnownFileType = sourcecode.swift; path = CachedAsyncImage.swift; sourceTree = "<group>"; };
		30CB610D2EC40BC900BE06A8 /* MockCoin.swift */ = {isa = PBXFileReference; lastKnownFileType = sourcecode.swift; path = MockCoin.swift; sourceTree = "<group>"; };
		30D60C0B2EC3FBEC00C59154 /* CoinRowView.swift */ = {isa = PBXFileReference; lastKnownFileType = sourcecode.swift; path = CoinRowView.swift; sourceTree = "<group>"; };
		30D60C162EC401EA00C59154 /* CryptoPriceTrackerTests.xctest */ = {isa = PBXFileReference; explicitFileType = wrapper.cfbundle; includeInIndex = 0; path = CryptoPriceTrackerTests.xctest; sourceTree = BUILT_PRODUCTS_DIR; };
		30E309F52EC41A2700CF1A19 /* Route.swift */ = {isa = PBXFileReference; lastKnownFileType = sourcecode.swift; path = Route.swift; sourceTree = "<group>"; };
		30E309F62EC41A2700CF1A19 /* Router.swift */ = {isa = PBXFileReference; lastKnownFileType = sourcecode.swift; path = Router.swift; sourceTree = "<group>"; };
		30E309FA2EC41A4500CF1A19 /* CoinDetailView.swift */ = {isa = PBXFileReference; lastKnownFileType = sourcecode.swift; path = CoinDetailView.swift; sourceTree = "<group>"; };
		30E309FC2EC41C6B00CF1A19 /* Formatters.swift */ = {isa = PBXFileReference; lastKnownFileType = sourcecode.swift; path = Formatters.swift; sourceTree = "<group>"; };
/* End PBXFileReference section */

/* Begin PBXFileSystemSynchronizedRootGroup section */
		30B4FF402EC3DA9600953350 /* Utils */ = {isa = PBXFileSystemSynchronizedRootGroup; explicitFileTypes = {}; explicitFolders = (); path = Utils; sourceTree = "<group>"; };
		30D60C172EC401EA00C59154 /* CryptoPriceTrackerTests */ = {isa = PBXFileSystemSynchronizedRootGroup; explicitFileTypes = {}; explicitFolders = (); path = CryptoPriceTrackerTests; sourceTree = "<group>"; };
/* End PBXFileSystemSynchronizedRootGroup section */

/* Begin PBXFrameworksBuildPhase section */
		30D60C132EC401EA00C59154 /* Frameworks */ = {
			isa = PBXFrameworksBuildPhase;
			buildActionMask = 2147483647;
			files = (
			);
			runOnlyForDeploymentPostprocessing = 0;
		};
/* End PBXFrameworksBuildPhase section */

/* Begin PBXGroup section */
		222144952B0F7B2A006F3B9A = {
			isa = PBXGroup;
			children = (
				222144C22B0F7B2A006F3B9A /* App */,
				222144C32B0F7B2A006F3B9A /* Features */,
				222144C42B0F7B2A006F3B9A /* Common */,
				222144C52B0F7B2A006F3B9A /* Services */,
				222144C62B0F7B2A006F3B9A /* Resources */,
				30D60C172EC401EA00C59154 /* CryptoPriceTrackerTests */,
				30CB610E2EC40BC900BE06A8 /* Mocks */,
				2221449A2B0F7B2A006F3B9A /* Products */,
			);
			sourceTree = "<group>";
		};
		2221449A2B0F7B2A006F3B9A /* Products */ = {
			isa = PBXGroup;
			children = (
				2221449B2B0F7B2A006F3B9A /* CryptoPriceTracker.app */,
				30D60C162EC401EA00C59154 /* CryptoPriceTrackerTests.xctest */,
			);
			name = Products;
			sourceTree = "<group>";
		};
		222144C22B0F7B2A006F3B9A /* App */ = {
			isa = PBXGroup;
			children = (
				2221449D2B0F7B2A006F3B9A /* CryptoPriceTrackerApp.swift */,
			);
			path = App;
			sourceTree = "<group>";
		};
		222144C32B0F7B2A006F3B9A /* Features */ = {
			isa = PBXGroup;
			children = (
				222144C72B0F7B2A006F3B9A /* Home */,
			);
			path = Features;
			sourceTree = "<group>";
		};
		222144C42B0F7B2A006F3B9A /* Common */ = {
			isa = PBXGroup;
			children = (
				30D60C082EC3F3D900C59154 /* Extensions */,
				30B4FF402EC3DA9600953350 /* Utils */,
				222144CA2B0F7B2A006F3B9A /* Constants */,
				30E309F72EC41A2700CF1A19 /* Navigation */,
				30B664F92EC4252F00767988 /* Views */,
			);
			path = Common;
			sourceTree = "<group>";
		};
		222144C52B0F7B2A006F3B9A /* Services */ = {
			isa = PBXGroup;
			children = (
				222144CB2B0F7B2A006F3B9A /* Networking */,
			);
			path = Services;
			sourceTree = "<group>";
		};
		222144C62B0F7B2A006F3B9A /* Resources */ = {
			isa = PBXGroup;
			children = (
				222144A22B0F7B2F006F3B9A /* Assets.xcassets */,
				222144B52B0F7B2A006F3B9A /* Localizable.strings */,
			);
			path = Resources;
			sourceTree = "<group>";
		};
		222144C72B0F7B2A006F3B9A /* Home */ = {
			isa = PBXGroup;
			children = (
				222144C82B0F7B2A006F3B9A /* Views */,
				222144C92B0F7B2A006F3B9A /* ViewModels */,
			);
			path = Home;
			sourceTree = "<group>";
		};
		222144C82B0F7B2A006F3B9A /* Views */ = {
			isa = PBXGroup;
			children = (
				2221449F2B0F7B2A006F3B9A /* ContentView.swift */,
				30D60C0B2EC3FBEC00C59154 /* CoinRowView.swift */,
				30E309FA2EC41A4500CF1A19 /* CoinDetailView.swift */,
			);
			path = Views;
			sourceTree = "<group>";
		};
		222144C92B0F7B2A006F3B9A /* ViewModels */ = {
			isa = PBXGroup;
			children = (
				222144CE2B0F7B2A006F3B9A /* HomeViewModel.swift */,
			);
			path = ViewModels;
			sourceTree = "<group>";
		};
		222144CA2B0F7B2A006F3B9A /* Constants */ = {
			isa = PBXGroup;
			children = (
				222144AF2B0F7B2A006F3B9A /* Strings.swift */,
				222144B02B0F7B2A006F3B9A /* Fonts.swift */,
				222144B12B0F7B2A006F3B9A /* Colors.swift */,
			);
			path = Constants;
			sourceTree = "<group>";
		};
		222144CB2B0F7B2A006F3B9A /* Networking */ = {
			isa = PBXGroup;
			children = (
				222144CC2B0F7B2A006F3B9A /* Models */,
				222144B32B0F7B2A006F3B9A /* CoinGeckoAPI.swift */,
				222144B42B0F7B2A006F3B9A /* NetworkManager.swift */,
			);
			path = Networking;
			sourceTree = "<group>";
		};
		222144CC2B0F7B2A006F3B9A /* Models */ = {
			isa = PBXGroup;
			children = (
				222144B22B0F7B2A006F3B9A /* Coin.swift */,
			);
			path = Models;
			sourceTree = "<group>";
		};
		30B664F92EC4252F00767988 /* Views */ = {
			isa = PBXGroup;
			children = (
				30B664F82EC4252F00767988 /* CachedAsyncImage.swift */,
			);
			path = Views;
			sourceTree = "<group>";
		};
		30CB610E2EC40BC900BE06A8 /* Mocks */ = {
			isa = PBXGroup;
			children = (
				30CB610D2EC40BC900BE06A8 /* MockCoin.swift */,
			);
			path = Mocks;
			sourceTree = "<group>";
		};
		30D60C082EC3F3D900C59154 /* Extensions */ = {
			isa = PBXGroup;
			children = (
				30E309FC2EC41C6B00CF1A19 /* Formatters.swift */,
			);
			path = Extensions;
			sourceTree = "<group>";
		};
		30E309F72EC41A2700CF1A19 /* Navigation */ = {
			isa = PBXGroup;
			children = (
				30E309F52EC41A2700CF1A19 /* Route.swift */,
				30E309F62EC41A2700CF1A19 /* Router.swift */,
			);
			path = Navigation;
			sourceTree = "<group>";
		};
/* End PBXGroup section */

/* Begin PBXNativeTarget section */
		222144992B0F7B2A006F3B9A /* CryptoPriceTracker */ = {
			isa = PBXNativeTarget;
			buildConfigurationList = 222144AC2B0F7B2A006F3B9A /* Build configuration list for PBXNativeTarget "CryptoPriceTracker" */;
			buildPhases = (
				222144962B0F7B2A006F3B9A /* Sources */,
				222144982B0F7B2A006F3B9A /* Resources */,
			);
			buildRules = (
			);
			dependencies = (
			);
			fileSystemSynchronizedGroups = (
				30B4FF402EC3DA9600953350 /* Utils */,
			);
			name = CryptoPriceTracker;
			productName = CryptoPriceTracker;
			productReference = 2221449B2B0F7B2A006F3B9A /* CryptoPriceTracker.app */;
			productType = "com.apple.product-type.application";
		};
		30D60C152EC401EA00C59154 /* CryptoPriceTrackerTests */ = {
			isa = PBXNativeTarget;
			buildConfigurationList = 30D60C1C2EC401EA00C59154 /* Build configuration list for PBXNativeTarget "CryptoPriceTrackerTests" */;
			buildPhases = (
				30D60C122EC401EA00C59154 /* Sources */,
				30D60C132EC401EA00C59154 /* Frameworks */,
				30D60C142EC401EA00C59154 /* Resources */,
			);
			buildRules = (
			);
			dependencies = (
				30D60C1B2EC401EA00C59154 /* PBXTargetDependency */,
			);
			fileSystemSynchronizedGroups = (
				30D60C172EC401EA00C59154 /* CryptoPriceTrackerTests */,
			);
			name = CryptoPriceTrackerTests;
			packageProductDependencies = (
			);
			productName = CryptoPriceTrackerTests;
			productReference = 30D60C162EC401EA00C59154 /* CryptoPriceTrackerTests.xctest */;
			productType = "com.apple.product-type.bundle.unit-test";
		};
/* End PBXNativeTarget section */

/* Begin PBXProject section */
		222144A72B0F7B2A006F3B9A /* Project object */ = {
			isa = PBXProject;
			attributes = {
				LastSwiftUpdateCheck = 2610;
				LastUpgradeCheck = 1320;
				TargetAttributes = {
					222144992B0F7B2A006F3B9A = {
						CreatedOnToolsVersion = 13.2.1;
					};
					30D60C152EC401EA00C59154 = {
						CreatedOnToolsVersion = 26.1;
						TestTargetID = 222144992B0F7B2A006F3B9A;
					};
				};
			};
			buildConfigurationList = 222144AA2B0F7B2A006F3B9A /* Build configuration list for PBXProject "CryptoPriceTracker" */;
			compatibilityVersion = "Xcode 13.0";
			developmentRegion = en;
			hasScannedForEncodings = 0;
			knownRegions = (
				en,
				Base,
			);
			mainGroup = 222144952B0F7B2A006F3B9A;
			productRefGroup = 2221449A2B0F7B2A006F3B9A /* Products */;
			projectDirPath = "";
			projectRoot = "";
			targets = (
				222144992B0F7B2A006F3B9A /* CryptoPriceTracker */,
				30D60C152EC401EA00C59154 /* CryptoPriceTrackerTests */,
			);
		};
/* End PBXProject section */

/* Begin PBXResourcesBuildPhase section */
		222144982B0F7B2A006F3B9A /* Resources */ = {
			isa = PBXResourcesBuildPhase;
			buildActionMask = 2147483647;
			files = (
				222144A32B0F7B2F006F3B9A /* Assets.xcassets in Resources */,
				222144BC2B0F7B2A006F3B9A /* Localizable.strings in Resources */,
			);
			runOnlyForDeploymentPostprocessing = 0;
		};
		30D60C142EC401EA00C59154 /* Resources */ = {
			isa = PBXResourcesBuildPhase;
			buildActionMask = 2147483647;
			files = (
			);
			runOnlyForDeploymentPostprocessing = 0;
		};
/* End PBXResourcesBuildPhase section */

/* Begin PBXSourcesBuildPhase section */
		222144962B0F7B2A006F3B9A /* Sources */ = {
			isa = PBXSourcesBuildPhase;
			buildActionMask = 2147483647;
			files = (
				30D60C0C2EC3FBEC00C59154 /* CoinRowView.swift in Sources */,
				30E309F82EC41A2700CF1A19 /* Router.swift in Sources */,
				30E309FB2EC41A4500CF1A19 /* CoinDetailView.swift in Sources */,
				30E309F92EC41A2700CF1A19 /* Route.swift in Sources */,
				222144A02B0F7B2A006F3B9A /* ContentView.swift in Sources */,
				2221449E2B0F7B2A006F3B9A /* CryptoPriceTrackerApp.swift in Sources */,
				30B664FA2EC4252F00767988 /* CachedAsyncImage.swift in Sources */,
				222144B62B0F7B2A006F3B9A /* Strings.swift in Sources */,
				222144B72B0F7B2A006F3B9A /* Fonts.swift in Sources */,
				222144B82B0F7B2A006F3B9A /* Colors.swift in Sources */,
				222144B92B0F7B2A006F3B9A /* Coin.swift in Sources */,
				30E309FD2EC41C6B00CF1A19 /* Formatters.swift in Sources */,
				30CB610F2EC40BC900BE06A8 /* MockCoin.swift in Sources */,
				222144BA2B0F7B2A006F3B9A /* CoinGeckoAPI.swift in Sources */,
				222144BB2B0F7B2A006F3B9A /* NetworkManager.swift in Sources */,
				222144CD2B0F7B2A006F3B9A /* HomeViewModel.swift in Sources */,
			);
			runOnlyForDeploymentPostprocessing = 0;
		};
		30D60C122EC401EA00C59154 /* Sources */ = {
			isa = PBXSourcesBuildPhase;
			buildActionMask = 2147483647;
			files = (
			);
			runOnlyForDeploymentPostprocessing = 0;
		};
/* End PBXSourcesBuildPhase section */

/* Begin PBXTargetDependency section */
		30D60C1B2EC401EA00C59154 /* PBXTargetDependency */ = {
			isa = PBXTargetDependency;
			target = 222144992B0F7B2A006F3B9A /* CryptoPriceTracker */;
			targetProxy = 30D60C1A2EC401EA00C59154 /* PBXContainerItemProxy */;
		};
/* End PBXTargetDependency section */

/* Begin XCBuildConfiguration section */
		222144AB2B0F7B2A006F3B9A /* Debug */ = {
			isa = XCBuildConfiguration;
			buildSettings = {
				ALWAYS_SEARCH_USER_PATHS = NO;
				ASSETCATALOG_COMPILER_APPICON_NAME = AppIcon;
				ASSETCATALOG_COMPILER_GLOBAL_ACCENT_COLOR_NAME = AccentColor;
				CODE_SIGN_STYLE = Automatic;
				CURRENT_PROJECT_VERSION = 1;
				DEVELOPMENT_TEAM = "";
				GENERATE_INFOPLIST_FILE = YES;
				INFOPLIST_FILE = Resources/Info.plist;
				IPHONEOS_DEPLOYMENT_TARGET = 15.0;
				MARKETING_VERSION = 1.0;
				PRODUCT_BUNDLE_IDENTIFIER = com.example.CryptoPriceTracker;
				PRODUCT_NAME = "$(TARGET_NAME)";
				SWIFT_EMIT_LOC_STRINGS = YES;
				SWIFT_OPTIMIZATION_LEVEL = "-Onone";
				SWIFT_VERSION = 5.0;
				TARGETED_DEVICE_FAMILY = "1,2";
				USE_HEADERMAP = NO;
			};
			name = Debug;
		};
		222144AE2B0F7B2A006F3B9A /* Debug */ = {
			isa = XCBuildConfiguration;
			buildSettings = {
				ALWAYS_SEARCH_USER_PATHS = NO;
				ASSETCATALOG_COMPILER_APPICON_NAME = AppIcon;
				ASSETCATALOG_COMPILER_GLOBAL_ACCENT_COLOR_NAME = AccentColor;
				CODE_SIGN_IDENTITY = "Apple Development";
				CODE_SIGN_STYLE = Automatic;
				CURRENT_PROJECT_VERSION = 1;
				DEVELOPMENT_TEAM = "";
				ENABLE_TESTABILITY = YES;
				GENERATE_INFOPLIST_FILE = YES;
				INFOPLIST_FILE = Resources/Info.plist;
				INFOPLIST_KEY_CFBundleDisplayName = "Crypto Tracker";
				INFOPLIST_KEY_UISupportedInterfaceOrientations = UIInterfaceOrientationPortrait;
				IPHONEOS_DEPLOYMENT_TARGET = 16.0;
				MARKETING_VERSION = 1.0;
				PRODUCT_BUNDLE_IDENTIFIER = com.example.CryptoPriceTracker;
				PRODUCT_NAME = "$(TARGET_NAME)";
				SUPPORTED_PLATFORMS = "iphoneos iphonesimulator";
				SUPPORTS_MACCATALYST = NO;
				SWIFT_ACTIVE_COMPILATION_CONDITIONS = DEBUG;
				SWIFT_EMIT_LOC_STRINGS = YES;
				SWIFT_OPTIMIZATION_LEVEL = "-Onone";
				SWIFT_VERSION = 5.0;
				TARGETED_DEVICE_FAMILY = "1,2";
				USE_HEADERMAP = NO;
			};
			name = Debug;
		};
		30D60C1D2EC401EA00C59154 /* Debug */ = {
			isa = XCBuildConfiguration;
			buildSettings = {
				ASSETCATALOG_COMPILER_GENERATE_SWIFT_ASSET_SYMBOL_EXTENSIONS = YES;
				BUNDLE_LOADER = "$(TEST_HOST)";
				CLANG_ANALYZER_NONNULL = YES;
				CLANG_ANALYZER_NUMBER_OBJECT_CONVERSION = YES_AGGRESSIVE;
				CLANG_CXX_LANGUAGE_STANDARD = "gnu++20";
				CLANG_ENABLE_MODULES = YES;
				CLANG_ENABLE_OBJC_ARC = YES;
				CLANG_ENABLE_OBJC_WEAK = YES;
				CLANG_WARN_BLOCK_CAPTURE_AUTORELEASING = YES;
				CLANG_WARN_BOOL_CONVERSION = YES;
				CLANG_WARN_COMMA = YES;
				CLANG_WARN_CONSTANT_CONVERSION = YES;
				CLANG_WARN_DEPRECATED_OBJC_IMPLEMENTATIONS = YES;
				CLANG_WARN_DIRECT_OBJC_ISA_USAGE = YES_ERROR;
				CLANG_WARN_DOCUMENTATION_COMMENTS = YES;
				CLANG_WARN_EMPTY_BODY = YES;
				CLANG_WARN_ENUM_CONVERSION = YES;
				CLANG_WARN_INFINITE_RECURSION = YES;
				CLANG_WARN_INT_CONVERSION = YES;
				CLANG_WARN_NON_LITERAL_NULL_CONVERSION = YES;
				CLANG_WARN_OBJC_IMPLICIT_RETAIN_SELF = YES;
				CLANG_WARN_OBJC_LITERAL_CONVERSION = YES;
				CLANG_WARN_OBJC_ROOT_CLASS = YES_ERROR;
				CLANG_WARN_QUOTED_INCLUDE_IN_FRAMEWORK_HEADER = YES;
				CLANG_WARN_RANGE_LOOP_ANALYSIS = YES;
				CLANG_WARN_STRICT_PROTOTYPES = YES;
				CLANG_WARN_SUSPICIOUS_MOVE = YES;
				CLANG_WARN_UNGUARDED_AVAILABILITY = YES_AGGRESSIVE;
				CLANG_WARN_UNREACHABLE_CODE = YES;
				CLANG_WARN__DUPLICATE_METHOD_MATCH = YES;
				CODE_SIGN_STYLE = Automatic;
				COPY_PHASE_STRIP = NO;
				CURRENT_PROJECT_VERSION = 1;
				DEBUG_INFORMATION_FORMAT = dwarf;
				ENABLE_STRICT_OBJC_MSGSEND = YES;
				ENABLE_TESTABILITY = YES;
				ENABLE_USER_SCRIPT_SANDBOXING = YES;
				GCC_C_LANGUAGE_STANDARD = gnu17;
				GCC_DYNAMIC_NO_PIC = NO;
				GCC_NO_COMMON_BLOCKS = YES;
				GCC_OPTIMIZATION_LEVEL = 0;
				GCC_PREPROCESSOR_DEFINITIONS = (
					"DEBUG=1",
					"$(inherited)",
				);
				GCC_WARN_64_TO_32_BIT_CONVERSION = YES;
				GCC_WARN_ABOUT_RETURN_TYPE = YES_ERROR;
				GCC_WARN_UNDECLARED_SELECTOR = YES;
				GCC_WARN_UNINITIALIZED_AUTOS = YES_AGGRESSIVE;
				GCC_WARN_UNUSED_FUNCTION = YES;
				GCC_WARN_UNUSED_VARIABLE = YES;
				GENERATE_INFOPLIST_FILE = YES;
				IPHONEOS_DEPLOYMENT_TARGET = 16.0;
				LOCALIZATION_PREFERS_STRING_CATALOGS = YES;
				MARKETING_VERSION = 1.0;
				MTL_ENABLE_DEBUG_INFO = INCLUDE_SOURCE;
				MTL_FAST_MATH = YES;
				ONLY_ACTIVE_ARCH = YES;
				PRODUCT_BUNDLE_IDENTIFIER = com.example.CryptoPriceTrackerTests;
				PRODUCT_NAME = "$(TARGET_NAME)";
				SDKROOT = iphoneos;
				STRING_CATALOG_GENERATE_SYMBOLS = NO;
				SWIFT_ACTIVE_COMPILATION_CONDITIONS = "DEBUG $(inherited)";
				SWIFT_APPROACHABLE_CONCURRENCY = YES;
				SWIFT_EMIT_LOC_STRINGS = NO;
				SWIFT_UPCOMING_FEATURE_MEMBER_IMPORT_VISIBILITY = YES;
				SWIFT_VERSION = 5.0;
				TARGETED_DEVICE_FAMILY = "1,2";
				TEST_HOST = "$(BUILT_PRODUCTS_DIR)/CryptoPriceTracker.app/$(BUNDLE_EXECUTABLE_FOLDER_PATH)/CryptoPriceTracker";
			};
			name = Debug;
		};
/* End XCBuildConfiguration section */

/* Begin XCConfigurationList section */
		222144AA2B0F7B2A006F3B9A /* Build configuration list for PBXProject "CryptoPriceTracker" */ = {
			isa = XCConfigurationList;
			buildConfigurations = (
				222144AB2B0F7B2A006F3B9A /* Debug */,
			);
			defaultConfigurationIsVisible = 0;
			defaultConfigurationName = Debug;
		};
		222144AC2B0F7B2A006F3B9A /* Build configuration list for PBXNativeTarget "CryptoPriceTracker" */ = {
			isa = XCConfigurationList;
			buildConfigurations = (
				222144AE2B0F7B2A006F3B9A /* Debug */,
			);
			defaultConfigurationIsVisible = 0;
			defaultConfigurationName = Debug;
		};
		30D60C1C2EC401EA00C59154 /* Build configuration list for PBXNativeTarget "CryptoPriceTrackerTests" */ = {
			isa = XCConfigurationList;
			buildConfigurations = (
				30D60C1D2EC401EA00C59154 /* Debug */,
			);
			defaultConfigurationIsVisible = 0;
			defaultConfigurationName = Debug;
		};
/* End XCConfigurationList section */
	};
	rootObject = 222144A72B0F7B2A006F3B9A /* Project object */;
}
