// !$*UTF8*$!
{
	archiveVersion = 1;
	classes = {
	};
	objectVersion = 55;
	objects = {

/* Begin PBXBuildFile section */
		2221449E2B0F7B2A006F3B9A /* CryptoPriceTrackerApp.swift in Sources */ = {isa = PBXBuildFile; fileRef = 2221449D2B0F7B2A006F3B9A /* CryptoPriceTrackerApp.swift */; };
		222144A02B0F7B2A006F3B9A /* ContentView.swift in Sources */ = {isa = PBXBuildFile; fileRef = 2221449F2B0F7B2A006F3B9A /* ContentView.swift */; };
		222144A32B0F7B2F006F3B9A /* Assets.xcassets in Resources */ = {isa = PBXBuildFile; fileRef = 222144A22B0F7B2F006F3B9A /* Assets.xcassets */; };
		222144A62B0F7B33006F3B9A /* Preview Assets in Resources */ = {isa = PBXBuildFile; fileRef = 222144A52B0F7B33006F3B9A /* Preview Assets */; };
/* End PBXBuildFile section */

/* Begin PBXFileReference section */
		2221449B2B0F7B2A006F3B9A /* CryptoPriceTracker.app */ = {isa = PBXFileReference; explicitFileType = wrapper.application; includeInIndex = 0; path = CryptoPriceTracker.app; sourceTree = BUILT_PRODUCTS_DIR; };
		2221449D2B0F7B2A006F3B9A /* CryptoPriceTrackerApp.swift */ = {isa = PBXFileReference; lastKnownFileType = sourcecode.swift; path = CryptoPriceTrackerApp.swift; sourceTree = "<group>"; };
		2221449F2B0F7B2A006F3B9A /* ContentView.swift */ = {isa = PBXFileReference; lastKnownFileType = sourcecode.swift; path = ContentView.swift; sourceTree = "<group>"; };
		222144A22B0F7B2F006F3B9A /* Assets.xcassets */ = {isa = PBXFileReference; lastKnownFileType = folder.assetcatalog; path = Assets.xcassets; sourceTree = "<group>"; };
		222144A52B0F7B33006F3B9A /* Preview Assets */ = {isa = PBXFileReference; lastKnownFileType = folder.assetcatalog; path = "Preview Assets"; sourceTree = "<group>"; };
/* End PBXFileReference section */

/* Begin PBXGroup section */
		222144952B0F7B2A006F3B9A = {
			isa = PBXGroup;
			children = (
				2221449C2B0F7B2A006F3B9A /* CryptoPriceTracker */,
				2221449A2B0F7B2A006F3B9A /* Products */,
			);
			sourceTree = "<group>";
		};
		2221449A2B0F7B2A006F3B9A /* Products */ = {
			isa = PBXGroup;
			children = (
				2221449B2B0F7B2A006F3B9A /* CryptoPriceTracker.app */,
			);
			name = Products;
			sourceTree = "<group>";
		};
		2221449C2B0F7B2A006F3B9A /* CryptoPriceTracker */ = {
			isa = PBXGroup;
			children = (
				2221449D2B0F7B2A006F3B9A /* CryptoPriceTrackerApp.swift */,
				2221449F2B0F7B2A006F3B9A /* ContentView.swift */,
				222144A22B0F7B2F006F3B9A /* Assets.xcassets */,
				222144A42B0F7B33006F3B9A /* Preview Content */,
			);
			path = CryptoPriceTracker;
			sourceTree = "<group>";
		};
		222144A42B0F7B33006F3B9A /* Preview Content */ = {
			isa = PBXGroup;
			children = (
				222144A52B0F7B33006F3B9A /* Preview Assets */,
			);
			path = "Preview Content";
			sourceTree = "<group>";
		};
/* End PBXGroup section */

/* Begin PBXNativeTarget section */
		222144992B0F7B2A006F3B9A /* CryptoPriceTracker */ = {
			isa = PBXNativeTarget;
			buildConfigurationList = 222144AC2B0F7B2A006F3B9A /* Build configuration list for PBXNativeTarget "CryptoPriceTracker" */;
			buildPhases = (
				222144962B0F7B2A006F3B9A /* Sources */,
				222144982B0F7B2A006F3B9A /* Resources */,
			);
			buildRules = (
			);
			dependencies = (
			);
			name = CryptoPriceTracker;
			productName = CryptoPriceTracker;
			productReference = 2221449B2B0F7B2A006F3B9A /* CryptoPriceTracker.app */;
			productType = "com.apple.product-type.application";
		};
/* End PBXNativeTarget section */

/* Begin PBXProject section */
		222144A72B0F7B2A006F3B9A /* Project object */ = {
			isa = PBXProject;
			attributes = {
				LastSwiftUpdateCheck = 1320;
				LastUpgradeCheck = 1320;
				TargetAttributes = {
					222144992B0F7B2A006F3B9A = {
						CreatedOnToolsVersion = 13.2.1;
					};
				};
			};
			buildConfigurationList = 222144AA2B0F7B2A006F3B9A /* Build configuration list for PBXProject "CryptoPriceTracker" */;
			compatibilityVersion = "Xcode 13.0";
			developmentRegion = en;
			hasScannedForEncodings = 0;
			knownRegions = (
				en,
				Base,
			);
			mainGroup = 222144952B0F7B2A006F3B9A;
			productRefGroup = 2221449A2B0F7B2A006F3B9A /* Products */;
			projectDirPath = "";
			projectRoot = "";
			targets = (
				222144992B0F7B2A006F3B9A /* CryptoPriceTracker */,
			);
		};
/* End PBXProject section */

/* Begin PBXResourcesBuildPhase section */
		222144982B0F7B2A006F3B9A /* Resources */ = {
			isa = PBXResourcesBuildPhase;
			buildActionMask = 2147483647;
			files = (
				222144A62B0F7B33006F3B9A /* Preview Assets in Resources */,
				222144A32B0F7B2F006F3B9A /* Assets.xcassets in Resources */,
			);
			runOnlyForDeploymentPostprocessing = 0;
		};
/* End PBXResourcesBuildPhase section */

/* Begin PBXSourcesBuildPhase section */
		222144962B0F7B2A006F3B9A /* Sources */ = {
			isa = PBXSourcesBuildPhase;
			buildActionMask = 2147483647;
			files = (
				222144A02B0F7B2A006F3B9A /* ContentView.swift in Sources */,
				2221449E2B0F7B2A006F3B9A /* CryptoPriceTrackerApp.swift in Sources */,
			);
			runOnlyForDeploymentPostprocessing = 0;
		};
/* End PBXSourcesBuildPhase section */

/* Begin XCBuildConfiguration section */
		222144AB2B0F7B2A006F3B9A /* Debug */ = {
			isa = XCBuildConfiguration;
			buildSettings = {
				ASSETCATALOG_COMPILER_APPICON_NAME = AppIcon;
				ASSETCATALOG_COMPILER_GLOBAL_ACCENT_COLOR_NAME = AccentColor;
				CODE_SIGN_STYLE = Automatic;
				CURRENT_PROJECT_VERSION = 1;
				DEVELOPMENT_TEAM = "";
				GENERATE_INFOPLIST_FILE = YES;
				INFOPLIST_FILE = CryptoPriceTracker/Info.plist;
				IPHONEOS_DEPLOYMENT_TARGET = 15.0;
				MARKETING_VERSION = 1.0;
				PRODUCT_BUNDLE_IDENTIFIER = com.example.CryptoPriceTracker;
				PRODUCT_NAME = "$(TARGET_NAME)";
				SWIFT_EMIT_LOC_STRINGS = YES;
				SWIFT_VERSION = 5.0;
				TARGETED_DEVICE_FAMILY = "1,2";
			};
			name = Debug;
		};
		222144AE2B0F7B2A006F3B9A /* Debug */ = {
			isa = XCBuildConfiguration;
			buildSettings = {
				ASSETCATALOG_COMPILER_APPICON_NAME = AppIcon;
				ASSETCATALOG_COMPILER_GLOBAL_ACCENT_COLOR_NAME = AccentColor;
				CODE_SIGN_IDENTITY = "Apple Development";
				CODE_SIGN_STYLE = Automatic;
				CURRENT_PROJECT_VERSION = 1;
				DEVELOPMENT_TEAM = "";
				GENERATE_INFOPLIST_FILE = YES;
				INFOPLIST_FILE = CryptoPriceTracker/Info.plist;
				IPHONEOS_DEPLOYMENT_TARGET = 15.0;
				MARKETING_VERSION = 1.0;
				PRODUCT_BUNDLE_IDENTIFIER = com.example.CryptoPriceTracker;
				PRODUCT_NAME = "$(TARGET_NAME)";
				SUPPORTED_PLATFORMS = "iphoneos iphonesimulator";
				SUPPORTS_MACCATALYST = NO;
				SWIFT_EMIT_LOC_STRINGS = YES;
				SWIFT_VERSION = 5.0;
				TARGETED_DEVICE_FAMILY = "1,2";
			};
			name = Debug;
		};
/* End XCBuildConfiguration section */

/* Begin XCConfigurationList section */
		222144AA2B0F7B2A006F3B9A /* Build configuration list for PBXProject "CryptoPriceTracker" */ = {
			isa = XCConfigurationList;
			buildConfigurations = (
				222144AB2B0F7B2A006F3B9A /* Debug */,
			);
			defaultConfigurationIsVisible = 0;
			defaultConfigurationName = Debug;
		};
		222144AC2B0F7B2A006F3B9A /* Build configuration list for PBXNativeTarget "CryptoPriceTracker" */ = {
			isa = XCConfigurationList;
			buildConfigurations = (
				222144AE2B0F7B2A006F3B9A /* Debug */,
			);
			defaultConfigurationIsVisible = 0;
			defaultConfigurationName = Debug;
		};
/* End XCConfigurationList section */
	};
	rootObject = 222144A72B0F7B2A006F3B9A /* Project object */;
}
